// !$*UTF8*$!
{
	archiveVersion = 1;
	classes = {
	};
	objectVersion = 46;
	objects = {

/* Begin PBXBuildFile section */
		247256001BE9575500177996 /* AppDelegate.swift in Sources */ = {isa = PBXBuildFile; fileRef = 247255FF1BE9575500177996 /* AppDelegate.swift */; };
		247256021BE9575500177996 /* MasterViewController.swift in Sources */ = {isa = PBXBuildFile; fileRef = 247256011BE9575500177996 /* MasterViewController.swift */; };
		247256051BE9575500177996 /* Main.storyboard in Resources */ = {isa = PBXBuildFile; fileRef = 247256031BE9575500177996 /* Main.storyboard */; };
		247256071BE9575500177996 /* Assets.xcassets in Resources */ = {isa = PBXBuildFile; fileRef = 247256061BE9575500177996 /* Assets.xcassets */; };
		2472560A1BE9575500177996 /* LaunchScreen.storyboard in Resources */ = {isa = PBXBuildFile; fileRef = 247256081BE9575500177996 /* LaunchScreen.storyboard */; };
		247256121BE9577F00177996 /* DetailViewController.swift in Sources */ = {isa = PBXBuildFile; fileRef = 247256111BE9577F00177996 /* DetailViewController.swift */; };
/* End PBXBuildFile section */

/* Begin PBXFileReference section */
		247255FC1BE9575500177996 /* PreviewTest.app */ = {isa = PBXFileReference; explicitFileType = wrapper.application; includeInIndex = 0; path = PreviewTest.app; sourceTree = BUILT_PRODUCTS_DIR; };
		247255FF1BE9575500177996 /* AppDelegate.swift */ = {isa = PBXFileReference; lastKnownFileType = sourcecode.swift; path = AppDelegate.swift; sourceTree = "<group>"; };
		247256011BE9575500177996 /* MasterViewController.swift */ = {isa = PBXFileReference; lastKnownFileType = sourcecode.swift; path = MasterViewController.swift; sourceTree = "<group>"; };
		247256041BE9575500177996 /* Base */ = {isa = PBXFileReference; lastKnownFileType = file.storyboard; name = Base; path = Base.lproj/Main.storyboard; sourceTree = "<group>"; };
		247256061BE9575500177996 /* Assets.xcassets */ = {isa = PBXFileReference; lastKnownFileType = folder.assetcatalog; path = Assets.xcassets; sourceTree = "<group>"; };
		247256091BE9575500177996 /* Base */ = {isa = PBXFileReference; lastKnownFileType = file.storyboard; name = Base; path = Base.lproj/LaunchScreen.storyboard; sourceTree = "<group>"; };
		2472560B1BE9575500177996 /* Info.plist */ = {isa = PBXFileReference; lastKnownFileType = text.plist.xml; path = Info.plist; sourceTree = "<group>"; };
		247256111BE9577F00177996 /* DetailViewController.swift */ = {isa = PBXFileReference; fileEncoding = 4; lastKnownFileType = sourcecode.swift; path = DetailViewController.swift; sourceTree = "<group>"; };
/* End PBXFileReference section */

/* Begin PBXFrameworksBuildPhase section */
		247255F91BE9575500177996 /* Frameworks */ = {
			isa = PBXFrameworksBuildPhase;
			buildActionMask = 2147483647;
			files = (
			);
			runOnlyForDeploymentPostprocessing = 0;
		};
/* End PBXFrameworksBuildPhase section */

/* Begin PBXGroup section */
		247255F31BE9575500177996 = {
			isa = PBXGroup;
			children = (
				247255FE1BE9575500177996 /* PreviewTest */,
				247255FD1BE9575500177996 /* Products */,
			);
			sourceTree = "<group>";
		};
		247255FD1BE9575500177996 /* Products */ = {
			isa = PBXGroup;
			children = (
				247255FC1BE9575500177996 /* PreviewTest.app */,
			);
			name = Products;
			sourceTree = "<group>";
		};
		247255FE1BE9575500177996 /* PreviewTest */ = {
			isa = PBXGroup;
			children = (
				247255FF1BE9575500177996 /* AppDelegate.swift */,
				247256011BE9575500177996 /* MasterViewController.swift */,
				247256111BE9577F00177996 /* DetailViewController.swift */,
				247256031BE9575500177996 /* Main.storyboard */,
				247256061BE9575500177996 /* Assets.xcassets */,
				247256081BE9575500177996 /* LaunchScreen.storyboard */,
				2472560B1BE9575500177996 /* Info.plist */,
			);
			path = PreviewTest;
			sourceTree = "<group>";
		};
/* End PBXGroup section */

/* Begin PBXNativeTarget section */
		247255FB1BE9575500177996 /* PreviewTest */ = {
			isa = PBXNativeTarget;
			buildConfigurationList = 2472560E1BE9575500177996 /* Build configuration list for PBXNativeTarget "PreviewTest" */;
			buildPhases = (
				247255F81BE9575500177996 /* Sources */,
				247255F91BE9575500177996 /* Frameworks */,
				247255FA1BE9575500177996 /* Resources */,
			);
			buildRules = (
			);
			dependencies = (
			);
			name = PreviewTest;
			productName = PreviewTest;
			productReference = 247255FC1BE9575500177996 /* PreviewTest.app */;
			productType = "com.apple.product-type.application";
		};
/* End PBXNativeTarget section */

/* Begin PBXProject section */
		247255F41BE9575500177996 /* Project object */ = {
			isa = PBXProject;
			attributes = {
				LastSwiftUpdateCheck = 0710;
				LastUpgradeCheck = 0710;
				ORGANIZATIONNAME = "Daniel Tull";
				TargetAttributes = {
					247255FB1BE9575500177996 = {
						CreatedOnToolsVersion = 7.1;
					};
				};
			};
			buildConfigurationList = 247255F71BE9575500177996 /* Build configuration list for PBXProject "PreviewTest" */;
			compatibilityVersion = "Xcode 3.2";
			developmentRegion = English;
			hasScannedForEncodings = 0;
			knownRegions = (
				en,
				Base,
			);
			mainGroup = 247255F31BE9575500177996;
			productRefGroup = 247255FD1BE9575500177996 /* Products */;
			projectDirPath = "";
			projectRoot = "";
			targets = (
				247255FB1BE9575500177996 /* PreviewTest */,
			);
		};
/* End PBXProject section */

/* Begin PBXResourcesBuildPhase section */
		247255FA1BE9575500177996 /* Resources */ = {
			isa = PBXResourcesBuildPhase;
			buildActionMask = 2147483647;
			files = (
				2472560A1BE9575500177996 /* LaunchScreen.storyboard in Resources */,
				247256071BE9575500177996 /* Assets.xcassets in Resources */,
				247256051BE9575500177996 /* Main.storyboard in Resources */,
			);
			runOnlyForDeploymentPostprocessing = 0;
		};
/* End PBXResourcesBuildPhase section */

/* Begin PBXSourcesBuildPhase section */
		247255F81BE9575500177996 /* Sources */ = {
			isa = PBXSourcesBuildPhase;
			buildActionMask = 2147483647;
			files = (
				247256121BE9577F00177996 /* DetailViewController.swift in Sources */,
				247256021BE9575500177996 /* MasterViewController.swift in Sources */,
				247256001BE9575500177996 /* AppDelegate.swift in Sources */,
			);
			runOnlyForDeploymentPostprocessing = 0;
		};
/* End PBXSourcesBuildPhase section */

/* Begin PBXVariantGroup section */
		247256031BE9575500177996 /* Main.storyboard */ = {
			isa = PBXVariantGroup;
			children = (
				247256041BE9575500177996 /* Base */,
			);
			name = Main.storyboard;
			sourceTree = "<group>";
		};
		247256081BE9575500177996 /* LaunchScreen.storyboard */ = {
			isa = PBXVariantGroup;
			children = (
				247256091BE9575500177996 /* Base */,
			);
			name = LaunchScreen.storyboard;
			sourceTree = "<group>";
		};
/* End PBXVariantGroup section */

/* Begin XCBuildConfiguration section */
		2472560C1BE9575500177996 /* Debug */ = {
			isa = XCBuildConfiguration;
			buildSettings = {
				ALWAYS_SEARCH_USER_PATHS = NO;
				CLANG_CXX_LANGUAGE_STANDARD = "gnu++0x";
				CLANG_CXX_LIBRARY = "libc++";
				CLANG_ENABLE_MODULES = YES;
				CLANG_ENABLE_OBJC_ARC = YES;
				CLANG_WARN_BOOL_CONVERSION = YES;
				CLANG_WARN_CONSTANT_CONVERSION = YES;
				CLANG_WARN_DIRECT_OBJC_ISA_USAGE = YES_ERROR;
				CLANG_WARN_EMPTY_BODY = YES;
				CLANG_WARN_ENUM_CONVERSION = YES;
				CLANG_WARN_INT_CONVERSION = YES;
				CLANG_WARN_OBJC_ROOT_CLASS = YES_ERROR;
				CLANG_WARN_UNREACHABLE_CODE = YES;
				CLANG_WARN__DUPLICATE_METHOD_MATCH = YES;
				"CODE_SIGN_IDENTITY[sdk=iphoneos*]" = "iPhone Developer";
				COPY_PHASE_STRIP = NO;
				DEBUG_INFORMATION_FORMAT = dwarf;
				ENABLE_STRICT_OBJC_MSGSEND = YES;
				ENABLE_TESTABILITY = YES;
				GCC_C_LANGUAGE_STANDARD = gnu99;
				GCC_DYNAMIC_NO_PIC = NO;
				GCC_NO_COMMON_BLOCKS = YES;
				GCC_OPTIMIZATION_LEVEL = 0;
				GCC_PREPROCESSOR_DEFINITIONS = (
					"DEBUG=1",
					"$(inherited)",
				);
				GCC_WARN_64_TO_32_BIT_CONVERSION = YES;
				GCC_WARN_ABOUT_RETURN_TYPE = YES_ERROR;
				GCC_WARN_UNDECLARED_SELECTOR = YES;
				GCC_WARN_UNINITIALIZED_AUTOS = YES_AGGRESSIVE;
				GCC_WARN_UNUSED_FUNCTION = YES;
				GCC_WARN_UNUSED_VARIABLE = YES;
				IPHONEOS_DEPLOYMENT_TARGET = 9.1;
				MTL_ENABLE_DEBUG_INFO = YES;
				ONLY_ACTIVE_ARCH = YES;
				SDKROOT = iphoneos;
				SWIFT_OPTIMIZATION_LEVEL = "-Onone";
				TARGETED_DEVICE_FAMILY = "1,2";
			};
			name = Debug;
		};
		2472560D1BE9575500177996 /* Release */ = {
			isa = XCBuildConfiguration;
			buildSettings = {
				ALWAYS_SEARCH_USER_PATHS = NO;
				CLANG_CXX_LANGUAGE_STANDARD = "gnu++0x";
				CLANG_CXX_LIBRARY = "libc++";
				CLANG_ENABLE_MODULES = YES;
				CLANG_ENABLE_OBJC_ARC = YES;
				CLANG_WARN_BOOL_CONVERSION = YES;
				CLANG_WARN_CONSTANT_CONVERSION = YES;
				CLANG_WARN_DIRECT_OBJC_ISA_USAGE = YES_ERROR;
				CLANG_WARN_EMPTY_BODY = YES;
				CLANG_WARN_ENUM_CONVERSION = YES;
				CLANG_WARN_INT_CONVERSION = YES;
				CLANG_WARN_OBJC_ROOT_CLASS = YES_ERROR;
				CLANG_WARN_UNREACHABLE_CODE = YES;
				CLANG_WARN__DUPLICATE_METHOD_MATCH = YES;
				"CODE_SIGN_IDENTITY[sdk=iphoneos*]" = "iPhone Developer";
				COPY_PHASE_STRIP = NO;
				DEBUG_INFORMATION_FORMAT = "dwarf-with-dsym";
				ENABLE_NS_ASSERTIONS = NO;
				ENABLE_STRICT_OBJC_MSGSEND = YES;
				GCC_C_LANGUAGE_STANDARD = gnu99;
				GCC_NO_COMMON_BLOCKS = YES;
				GCC_WARN_64_TO_32_BIT_CONVERSION = YES;
				GCC_WARN_ABOUT_RETURN_TYPE = YES_ERROR;
				GCC_WARN_UNDECLARED_SELECTOR = YES;
				GCC_WARN_UNINITIALIZED_AUTOS = YES_AGGRESSIVE;
				GCC_WARN_UNUSED_FUNCTION = YES;
				GCC_WARN_UNUSED_VARIABLE = YES;
				IPHONEOS_DEPLOYMENT_TARGET = 9.1;
				MTL_ENABLE_DEBUG_INFO = NO;
				SDKROOT = iphoneos;
				TARGETED_DEVICE_FAMILY = "1,2";
				VALIDATE_PRODUCT = YES;
			};
			name = Release;
		};
		2472560F1BE9575500177996 /* Debug */ = {
			isa = XCBuildConfiguration;
			buildSettings = {
				ASSETCATALOG_COMPILER_APPICON_NAME = AppIcon;
				INFOPLIST_FILE = PreviewTest/Info.plist;
				LD_RUNPATH_SEARCH_PATHS = "$(inherited) @executable_path/Frameworks";
				PRODUCT_BUNDLE_IDENTIFIER = uk.co.danieltull.PreviewTest;
				PRODUCT_NAME = "$(TARGET_NAME)";
			};
			name = Debug;
		};
		247256101BE9575500177996 /* Release */ = {
			isa = XCBuildConfiguration;
			buildSettings = {
				ASSETCATALOG_COMPILER_APPICON_NAME = AppIcon;
				INFOPLIST_FILE = PreviewTest/Info.plist;
				LD_RUNPATH_SEARCH_PATHS = "$(inherited) @executable_path/Frameworks";
				PRODUCT_BUNDLE_IDENTIFIER = uk.co.danieltull.PreviewTest;
				PRODUCT_NAME = "$(TARGET_NAME)";
			};
			name = Release;
		};
/* End XCBuildConfiguration section */

/* Begin XCConfigurationList section */
		247255F71BE9575500177996 /* Build configuration list for PBXProject "PreviewTest" */ = {
			isa = XCConfigurationList;
			buildConfigurations = (
				2472560C1BE9575500177996 /* Debug */,
				2472560D1BE9575500177996 /* Release */,
			);
			defaultConfigurationIsVisible = 0;
			defaultConfigurationName = Release;
		};
		2472560E1BE9575500177996 /* Build configuration list for PBXNativeTarget "PreviewTest" */ = {
			isa = XCConfigurationList;
			buildConfigurations = (
				2472560F1BE9575500177996 /* Debug */,
				247256101BE9575500177996 /* Release */,
			);
			defaultConfigurationIsVisible = 0;
		};
/* End XCConfigurationList section */
	};
	rootObject = 247255F41BE9575500177996 /* Project object */;
}
